
Microsoft Visual Studio Solution File, Format Version 12.00
# Visual Studio Version 17
VisualStudioVersion = 17.5.002.0
MinimumVisualStudioVersion = 10.0.40219.1
Project("{9A19103F-16F7-4668-BE54-9A1E7A4F7556}") = "tea", "tea.csproj", "{8969BB55-42D4-46DE-9A32-46177CCE3553}"
EndProject
Global
	GlobalSection(SolutionConfigurationPlatforms) = preSolution
		Debug|Any CPU = Debug|Any CPU
		Release|Any CPU = Release|Any CPU
	EndGlobalSection
	GlobalSection(ProjectConfigurationPlatforms) = postSolution
		{8969BB55-42D4-46DE-9A32-46177CCE3553}.Debug|Any CPU.ActiveCfg = Debug|Any CPU
		{8969BB55-42D4-46DE-9A32-46177CCE3553}.Debug|Any CPU.Build.0 = Debug|Any CPU
		{8969BB55-42D4-46DE-9A32-46177CCE3553}.Release|Any CPU.ActiveCfg = Release|Any CPU
		{8969BB55-42D4-46DE-9A32-46177CCE3553}.Release|Any CPU.Build.0 = Release|Any CPU
	EndGlobalSection
	GlobalSection(SolutionProperties) = preSolution
		HideSolutionNode = FALSE
	EndGlobalSection
	GlobalSection(ExtensibilityGlobals) = postSolution
		SolutionGuid = {DA6A306F-8D6E-4111-8E67-9E5C959CF428}
	EndGlobalSection
EndGlobal
